<?xml version="1.0" encoding="utf-8"?>
<Project ToolsVersion="4.0" xmlns="http://schemas.microsoft.com/developer/msbuild/2003">
  <ItemGroup>
    <Filter Include="Source Files">
      <UniqueIdentifier>{c2bbcdf1-942c-4bee-9e1e-0f4e6cc34473}</UniqueIdentifier>
    </Filter>
    <Filter Include="Generated Files">
      <UniqueIdentifier>{193d3caa-46bd-414b-836b-3658341a6fff}</UniqueIdentifier>
      <SourceControlFiles>False</SourceControlFiles>
    </Filter>
  </ItemGroup>
  <ItemGroup>
    <None Include="SimpleExtps.def" />
  </ItemGroup>
  <ItemGroup>
    <ClCompile Include="SimpleExt_i.c">
      <Filter>Generated Files</Filter>
    </ClCompile>
    <ClCompile Include="SimpleExt_p.c">
      <Filter>Generated Files</Filter>
    </ClCompile>
    <ClCompile Include="dlldata.c">
      <Filter>Generated Files</Filter>
    </ClCompile>
  </ItemGroup>
</Project>